Microsoft Visual Studio Solution File, Format Version 12.00
# Visual Studio Version 17
VisualStudioVersion = 17.5.2.0
MinimumVisualStudioVersion = 10.0.40219.1
Project("{FAE04EC0-301F-11D3-BF4B-00C04F79EFBC}") = "PhotoSwipe.Blazor", "PhotoSwipe.Blazor\PhotoSwipe.Blazor.csproj", "{C84278C0-1859-F9B7-2A03-6C8B4B173F4A}"
EndProject
Project("{FAE04EC0-301F-11D3-BF4B-00C04F79EFBC}") = "PhotoSwipe.Sample", "PhotoSwipe.Sample\PhotoSwipe.Sample.csproj", "{82A308CC-1459-5669-0342-E645DCCF0E3F}"
EndProject
Global
	GlobalSection(SolutionConfigurationPlatforms) = preSolution
		Debug|Any CPU = Debug|Any CPU
		Release|Any CPU = Release|Any CPU
	EndGlobalSection
	GlobalSection(ProjectConfigurationPlatforms) = postSolution
		{C84278C0-1859-F9B7-2A03-6C8B4B173F4A}.Debug|Any CPU.ActiveCfg = Debug|Any CPU
		{C84278C0-1859-F9B7-2A03-6C8B4B173F4A}.Debug|Any CPU.Build.0 = Debug|Any CPU
		{C84278C0-1859-F9B7-2A03-6C8B4B173F4A}.Release|Any CPU.ActiveCfg = Release|Any CPU
		{C84278C0-1859-F9B7-2A03-6C8B4B173F4A}.Release|Any CPU.Build.0 = Release|Any CPU
		{82A308CC-1459-5669-0342-E645DCCF0E3F}.Debug|Any CPU.ActiveCfg = Debug|Any CPU
		{82A308CC-1459-5669-0342-E645DCCF0E3F}.Debug|Any CPU.Build.0 = Debug|Any CPU
		{82A308CC-1459-5669-0342-E645DCCF0E3F}.Release|Any CPU.ActiveCfg = Release|Any CPU
		{82A308CC-1459-5669-0342-E645DCCF0E3F}.Release|Any CPU.Build.0 = Release|Any CPU
	EndGlobalSection
	GlobalSection(SolutionProperties) = preSolution
		HideSolutionNode = FALSE
	EndGlobalSection
	GlobalSection(ExtensibilityGlobals) = postSolution
		SolutionGuid = {0925C0FA-ACB7-403E-A93F-47F52746D362}
	EndGlobalSection
EndGlobal
